
Microsoft Visual Studio Solution File, Format Version 12.00
# Visual Studio 15
VisualStudioVersion = 15.0.27703.2018
MinimumVisualStudioVersion = 10.0.40219.1
Project("{888888A0-9F3D-457C-B088-3A5042F75D52}") = "KNOT", "KNOT\KNOT.pyproj", "{3068CAF8-373C-4C59-AB53-D901FE5719EE}"
EndProject
Global
	GlobalSection(SolutionConfigurationPlatforms) = preSolution
		Debug|Any CPU = Debug|Any CPU
		Release|Any CPU = Release|Any CPU
	EndGlobalSection
	GlobalSection(ProjectConfigurationPlatforms) = postSolution
		{3068CAF8-373C-4C59-AB53-D901FE5719EE}.Debug|Any CPU.ActiveCfg = Debug|Any CPU
		{3068CAF8-373C-4C59-AB53-D901FE5719EE}.Release|Any CPU.ActiveCfg = Release|Any CPU
	EndGlobalSection
	GlobalSection(SolutionProperties) = preSolution
		HideSolutionNode = FALSE
	EndGlobalSection
	GlobalSection(ExtensibilityGlobals) = postSolution
		SolutionGuid = {BD24C414-3D66-4023-99A3-2190B9F702DD}
	EndGlobalSection
EndGlobal
